
Microsoft Visual Studio Solution File, Format Version 12.00
Project("{FAE04EC0-301F-11D3-BF4B-00C04F79EFBC}") = "hackathon", "hackathon\hackathon.csproj", "{D6CF9031-4663-4621-AEED-731B298DC6CE}"
EndProject
Project("{FAE04EC0-301F-11D3-BF4B-00C04F79EFBC}") = "Tests", "Tests\Tests.csproj", "{3BDC78DA-7971-49BA-B4ED-89CEB817F139}"
EndProject
Global
	GlobalSection(SolutionConfigurationPlatforms) = preSolution
		Debug|Any CPU = Debug|Any CPU
		Release|Any CPU = Release|Any CPU
	EndGlobalSection
	GlobalSection(ProjectConfigurationPlatforms) = postSolution
		{D6CF9031-4663-4621-AEED-731B298DC6CE}.Debug|Any CPU.ActiveCfg = Debug|Any CPU
		{D6CF9031-4663-4621-AEED-731B298DC6CE}.Debug|Any CPU.Build.0 = Debug|Any CPU
		{D6CF9031-4663-4621-AEED-731B298DC6CE}.Release|Any CPU.ActiveCfg = Release|Any CPU
		{D6CF9031-4663-4621-AEED-731B298DC6CE}.Release|Any CPU.Build.0 = Release|Any CPU
		{3BDC78DA-7971-49BA-B4ED-89CEB817F139}.Debug|Any CPU.ActiveCfg = Debug|Any CPU
		{3BDC78DA-7971-49BA-B4ED-89CEB817F139}.Debug|Any CPU.Build.0 = Debug|Any CPU
		{3BDC78DA-7971-49BA-B4ED-89CEB817F139}.Release|Any CPU.ActiveCfg = Release|Any CPU
		{3BDC78DA-7971-49BA-B4ED-89CEB817F139}.Release|Any CPU.Build.0 = Release|Any CPU
	EndGlobalSection
EndGlobal
